Microsoft Visual Studio Solution File, Format Version 12.00
# Visual Studio Version 17
VisualStudioVersion = 17.5.2.0
MinimumVisualStudioVersion = 10.0.40219.1
Project("{FAE04EC0-301F-11D3-BF4B-00C04F79EFBC}") = "Maui.Bluetooth.Utils", "Maui.Bluetooth.Utils.csproj", "{DDCA615A-6421-FC7D-CC4D-DF6DE21967BF}"
EndProject
Project("{FAE04EC0-301F-11D3-BF4B-00C04F79EFBC}") = "BluetoothPrinterSample", "..\SampleApp\BluetoothPrinterSample\BluetoothPrinterSample.csproj", "{A1B2C3D4-E5F6-7890-ABCD-EF1234567890}"
EndProject
Global
	GlobalSection(SolutionConfigurationPlatforms) = preSolution
		Debug|Any CPU = Debug|Any CPU
		Release|Any CPU = Release|Any CPU
	EndGlobalSection
	GlobalSection(ProjectConfigurationPlatforms) = postSolution
		{DDCA615A-6421-FC7D-CC4D-DF6DE21967BF}.Debug|Any CPU.ActiveCfg = Debug|Any CPU
		{DDCA615A-6421-FC7D-CC4D-DF6DE21967BF}.Debug|Any CPU.Build.0 = Debug|Any CPU
		{DDCA615A-6421-FC7D-CC4D-DF6DE21967BF}.Release|Any CPU.ActiveCfg = Release|Any CPU
		{DDCA615A-6421-FC7D-CC4D-DF6DE21967BF}.Release|Any CPU.Build.0 = Release|Any CPU
		{A1B2C3D4-E5F6-7890-ABCD-EF1234567890}.Debug|Any CPU.ActiveCfg = Debug|Any CPU
		{A1B2C3D4-E5F6-7890-ABCD-EF1234567890}.Debug|Any CPU.Build.0 = Debug|Any CPU
		{A1B2C3D4-E5F6-7890-ABCD-EF1234567890}.Release|Any CPU.ActiveCfg = Release|Any CPU
		{A1B2C3D4-E5F6-7890-ABCD-EF1234567890}.Release|Any CPU.Build.0 = Release|Any CPU
	EndGlobalSection
	GlobalSection(SolutionProperties) = preSolution
		HideSolutionNode = FALSE
	EndGlobalSection
	GlobalSection(ExtensibilityGlobals) = postSolution
		SolutionGuid = {745725D4-3EAE-44A2-8C1B-EC740503D5A4}
	EndGlobalSection
EndGlobal
